
Microsoft Visual Studio Solution File, Format Version 12.00
# Visual Studio Version 17
VisualStudioVersion = 17.1.32421.90
MinimumVisualStudioVersion = 10.0.40219.1
Project("{9A19103F-16F7-4668-BE54-9A1E7A4F7556}") = "AmphiSys.Monitor.MonitorDataModel", "AmphiSys.Monitor.MonitorDataModel\AmphiSys.Monitor.MonitorDataModel.csproj", "{857D764C-6DE1-473F-BF18-9A89F68101BC}"
EndProject
Global
	GlobalSection(SolutionConfigurationPlatforms) = preSolution
		Debug|Any CPU = Debug|Any CPU
		Release|Any CPU = Release|Any CPU
	EndGlobalSection
	GlobalSection(ProjectConfigurationPlatforms) = postSolution
		{857D764C-6DE1-473F-BF18-9A89F68101BC}.Debug|Any CPU.ActiveCfg = Debug|Any CPU
		{857D764C-6DE1-473F-BF18-9A89F68101BC}.Debug|Any CPU.Build.0 = Debug|Any CPU
		{857D764C-6DE1-473F-BF18-9A89F68101BC}.Release|Any CPU.ActiveCfg = Release|Any CPU
		{857D764C-6DE1-473F-BF18-9A89F68101BC}.Release|Any CPU.Build.0 = Release|Any CPU
	EndGlobalSection
	GlobalSection(SolutionProperties) = preSolution
		HideSolutionNode = FALSE
	EndGlobalSection
	GlobalSection(ExtensibilityGlobals) = postSolution
		SolutionGuid = {1D003231-5D86-4258-9F87-9928E3A73EA0}
	EndGlobalSection
EndGlobal
